
Microsoft Visual Studio Solution File, Format Version 12.00
# Visual Studio Version 17
VisualStudioVersion = 17.4.33205.214
MinimumVisualStudioVersion = 10.0.40219.1
Project("{FAE04EC0-301F-11D3-BF4B-00C04F79EFBC}") = "ExercicioFinalSection11", "ExercicioFinalSection11.csproj", "{26930BF4-06E8-40DF-96CB-BD0A819B57B0}"
EndProject
Global
	GlobalSection(SolutionConfigurationPlatforms) = preSolution
		Debug|Any CPU = Debug|Any CPU
		Release|Any CPU = Release|Any CPU
	EndGlobalSection
	GlobalSection(ProjectConfigurationPlatforms) = postSolution
		{26930BF4-06E8-40DF-96CB-BD0A819B57B0}.Debug|Any CPU.ActiveCfg = Debug|Any CPU
		{26930BF4-06E8-40DF-96CB-BD0A819B57B0}.Debug|Any CPU.Build.0 = Debug|Any CPU
		{26930BF4-06E8-40DF-96CB-BD0A819B57B0}.Release|Any CPU.ActiveCfg = Release|Any CPU
		{26930BF4-06E8-40DF-96CB-BD0A819B57B0}.Release|Any CPU.Build.0 = Release|Any CPU
	EndGlobalSection
	GlobalSection(SolutionProperties) = preSolution
		HideSolutionNode = FALSE
	EndGlobalSection
	GlobalSection(ExtensibilityGlobals) = postSolution
		SolutionGuid = {5F37FA14-A40E-4239-9BAC-B1D3563B3E4F}
	EndGlobalSection
EndGlobal
